
Microsoft Visual Studio Solution File, Format Version 12.00
# Visual Studio Version 17
VisualStudioVersion = 17.4.33122.133
MinimumVisualStudioVersion = 10.0.40219.1
Project("{FAE04EC0-301F-11D3-BF4B-00C04F79EFBC}") = "OkulYonetimUygulamasi", "OkulYonetimUygulamasi\OkulYonetimUygulamasi.csproj", "{227828FB-0ED7-4ECC-85DD-6464252BA95A}"
EndProject
Global
	GlobalSection(SolutionConfigurationPlatforms) = preSolution
		Debug|Any CPU = Debug|Any CPU
		Release|Any CPU = Release|Any CPU
	EndGlobalSection
	GlobalSection(ProjectConfigurationPlatforms) = postSolution
		{227828FB-0ED7-4ECC-85DD-6464252BA95A}.Debug|Any CPU.ActiveCfg = Debug|Any CPU
		{227828FB-0ED7-4ECC-85DD-6464252BA95A}.Debug|Any CPU.Build.0 = Debug|Any CPU
		{227828FB-0ED7-4ECC-85DD-6464252BA95A}.Release|Any CPU.ActiveCfg = Release|Any CPU
		{227828FB-0ED7-4ECC-85DD-6464252BA95A}.Release|Any CPU.Build.0 = Release|Any CPU
	EndGlobalSection
	GlobalSection(SolutionProperties) = preSolution
		HideSolutionNode = FALSE
	EndGlobalSection
	GlobalSection(ExtensibilityGlobals) = postSolution
		SolutionGuid = {2BC147ED-68D4-4E24-A063-CE0A81931532}
	EndGlobalSection
EndGlobal
